// !$*UTF8*$!
{
	archiveVersion = 1;
	classes = {
	};
	objectVersion = 46;
	objects = {

/* Begin PBXBuildFile section */
		F8FC299B1608C30100A66E76 /* UIKit.framework in Frameworks */ = {isa = PBXBuildFile; fileRef = F8FC299A1608C30100A66E76 /* UIKit.framework */; };
		F8FC299D1608C30100A66E76 /* Foundation.framework in Frameworks */ = {isa = PBXBuildFile; fileRef = F8FC299C1608C30100A66E76 /* Foundation.framework */; };
		F8FC299F1608C30100A66E76 /* CoreGraphics.framework in Frameworks */ = {isa = PBXBuildFile; fileRef = F8FC299E1608C30100A66E76 /* CoreGraphics.framework */; };
		F8FC29A51608C30100A66E76 /* InfoPlist.strings in Resources */ = {isa = PBXBuildFile; fileRef = F8FC29A31608C30100A66E76 /* InfoPlist.strings */; };
		F8FC29A71608C30100A66E76 /* main.m in Sources */ = {isa = PBXBuildFile; fileRef = F8FC29A61608C30100A66E76 /* main.m */; };
		F8FC29AB1608C30100A66E76 /* AppDelegate.m in Sources */ = {isa = PBXBuildFile; fileRef = F8FC29AA1608C30100A66E76 /* AppDelegate.m */; };
		F8FC29AE1608C30100A66E76 /* ViewController.m in Sources */ = {isa = PBXBuildFile; fileRef = F8FC29AD1608C30100A66E76 /* ViewController.m */; };
		F8FC29B11608C30100A66E76 /* ViewController.xib in Resources */ = {isa = PBXBuildFile; fileRef = F8FC29AF1608C30100A66E76 /* ViewController.xib */; };
/* End PBXBuildFile section */

/* Begin PBXFileReference section */
		F8FC29961608C30100A66E76 /* XibIntroduction.app */ = {isa = PBXFileReference; explicitFileType = wrapper.application; includeInIndex = 0; path = XibIntroduction.app; sourceTree = BUILT_PRODUCTS_DIR; };
		F8FC299A1608C30100A66E76 /* UIKit.framework */ = {isa = PBXFileReference; lastKnownFileType = wrapper.framework; name = UIKit.framework; path = System/Library/Frameworks/UIKit.framework; sourceTree = SDKROOT; };
		F8FC299C1608C30100A66E76 /* Foundation.framework */ = {isa = PBXFileReference; lastKnownFileType = wrapper.framework; name = Foundation.framework; path = System/Library/Frameworks/Foundation.framework; sourceTree = SDKROOT; };
		F8FC299E1608C30100A66E76 /* CoreGraphics.framework */ = {isa = PBXFileReference; lastKnownFileType = wrapper.framework; name = CoreGraphics.framework; path = System/Library/Frameworks/CoreGraphics.framework; sourceTree = SDKROOT; };
		F8FC29A21608C30100A66E76 /* XibIntroduction-Info.plist */ = {isa = PBXFileReference; lastKnownFileType = text.plist.xml; path = "XibIntroduction-Info.plist"; sourceTree = "<group>"; };
		F8FC29A41608C30100A66E76 /* en */ = {isa = PBXFileReference; lastKnownFileType = text.plist.strings; name = en; path = en.lproj/InfoPlist.strings; sourceTree = "<group>"; };
		F8FC29A61608C30100A66E76 /* main.m */ = {isa = PBXFileReference; lastKnownFileType = sourcecode.c.objc; path = main.m; sourceTree = "<group>"; };
		F8FC29A81608C30100A66E76 /* XibIntroduction-Prefix.pch */ = {isa = PBXFileReference; lastKnownFileType = sourcecode.c.h; path = "XibIntroduction-Prefix.pch"; sourceTree = "<group>"; };
		F8FC29A91608C30100A66E76 /* AppDelegate.h */ = {isa = PBXFileReference; lastKnownFileType = sourcecode.c.h; path = AppDelegate.h; sourceTree = "<group>"; };
		F8FC29AA1608C30100A66E76 /* AppDelegate.m */ = {isa = PBXFileReference; lastKnownFileType = sourcecode.c.objc; path = AppDelegate.m; sourceTree = "<group>"; };
		F8FC29AC1608C30100A66E76 /* ViewController.h */ = {isa = PBXFileReference; lastKnownFileType = sourcecode.c.h; path = ViewController.h; sourceTree = "<group>"; };
		F8FC29AD1608C30100A66E76 /* ViewController.m */ = {isa = PBXFileReference; lastKnownFileType = sourcecode.c.objc; path = ViewController.m; sourceTree = "<group>"; };
		F8FC29B01608C30100A66E76 /* en */ = {isa = PBXFileReference; lastKnownFileType = file.xib; name = en; path = en.lproj/ViewController.xib; sourceTree = "<group>"; };
/* End PBXFileReference section */

/* Begin PBXFrameworksBuildPhase section */
		F8FC29931608C30100A66E76 /* Frameworks */ = {
			isa = PBXFrameworksBuildPhase;
			buildActionMask = 2147483647;
			files = (
				F8FC299B1608C30100A66E76 /* UIKit.framework in Frameworks */,
				F8FC299D1608C30100A66E76 /* Foundation.framework in Frameworks */,
				F8FC299F1608C30100A66E76 /* CoreGraphics.framework in Frameworks */,
			);
			runOnlyForDeploymentPostprocessing = 0;
		};
/* End PBXFrameworksBuildPhase section */

/* Begin PBXGroup section */
		F8FC298B1608C30100A66E76 = {
			isa = PBXGroup;
			children = (
				F8FC29A01608C30100A66E76 /* XibIntroduction */,
				F8FC29991608C30100A66E76 /* Frameworks */,
				F8FC29971608C30100A66E76 /* Products */,
			);
			sourceTree = "<group>";
		};
		F8FC29971608C30100A66E76 /* Products */ = {
			isa = PBXGroup;
			children = (
				F8FC29961608C30100A66E76 /* XibIntroduction.app */,
			);
			name = Products;
			sourceTree = "<group>";
		};
		F8FC29991608C30100A66E76 /* Frameworks */ = {
			isa = PBXGroup;
			children = (
				F8FC299A1608C30100A66E76 /* UIKit.framework */,
				F8FC299C1608C30100A66E76 /* Foundation.framework */,
				F8FC299E1608C30100A66E76 /* CoreGraphics.framework */,
			);
			name = Frameworks;
			sourceTree = "<group>";
		};
		F8FC29A01608C30100A66E76 /* XibIntroduction */ = {
			isa = PBXGroup;
			children = (
				F8FC29A91608C30100A66E76 /* AppDelegate.h */,
				F8FC29AA1608C30100A66E76 /* AppDelegate.m */,
				F8FC29AC1608C30100A66E76 /* ViewController.h */,
				F8FC29AD1608C30100A66E76 /* ViewController.m */,
				F8FC29AF1608C30100A66E76 /* ViewController.xib */,
				F8FC29A11608C30100A66E76 /* Supporting Files */,
			);
			path = XibIntroduction;
			sourceTree = "<group>";
		};
		F8FC29A11608C30100A66E76 /* Supporting Files */ = {
			isa = PBXGroup;
			children = (
				F8FC29A21608C30100A66E76 /* XibIntroduction-Info.plist */,
				F8FC29A31608C30100A66E76 /* InfoPlist.strings */,
				F8FC29A61608C30100A66E76 /* main.m */,
				F8FC29A81608C30100A66E76 /* XibIntroduction-Prefix.pch */,
			);
			name = "Supporting Files";
			sourceTree = "<group>";
		};
/* End PBXGroup section */

/* Begin PBXNativeTarget section */
		F8FC29951608C30100A66E76 /* XibIntroduction */ = {
			isa = PBXNativeTarget;
			buildConfigurationList = F8FC29B41608C30100A66E76 /* Build configuration list for PBXNativeTarget "XibIntroduction" */;
			buildPhases = (
				F8FC29921608C30100A66E76 /* Sources */,
				F8FC29931608C30100A66E76 /* Frameworks */,
				F8FC29941608C30100A66E76 /* Resources */,
			);
			buildRules = (
			);
			dependencies = (
			);
			name = XibIntroduction;
			productName = XibIntroduction;
			productReference = F8FC29961608C30100A66E76 /* XibIntroduction.app */;
			productType = "com.apple.product-type.application";
		};
/* End PBXNativeTarget section */

/* Begin PBXProject section */
		F8FC298D1608C30100A66E76 /* Project object */ = {
			isa = PBXProject;
			attributes = {
				LastUpgradeCheck = 0440;
				ORGANIZATIONNAME = "Marina Melo Pires";
			};
			buildConfigurationList = F8FC29901608C30100A66E76 /* Build configuration list for PBXProject "XibIntroduction" */;
			compatibilityVersion = "Xcode 3.2";
			developmentRegion = English;
			hasScannedForEncodings = 0;
			knownRegions = (
				en,
			);
			mainGroup = F8FC298B1608C30100A66E76;
			productRefGroup = F8FC29971608C30100A66E76 /* Products */;
			projectDirPath = "";
			projectRoot = "";
			targets = (
				F8FC29951608C30100A66E76 /* XibIntroduction */,
			);
		};
/* End PBXProject section */

/* Begin PBXResourcesBuildPhase section */
		F8FC29941608C30100A66E76 /* Resources */ = {
			isa = PBXResourcesBuildPhase;
			buildActionMask = 2147483647;
			files = (
				F8FC29A51608C30100A66E76 /* InfoPlist.strings in Resources */,
				F8FC29B11608C30100A66E76 /* ViewController.xib in Resources */,
			);
			runOnlyForDeploymentPostprocessing = 0;
		};
/* End PBXResourcesBuildPhase section */

/* Begin PBXSourcesBuildPhase section */
		F8FC29921608C30100A66E76 /* Sources */ = {
			isa = PBXSourcesBuildPhase;
			buildActionMask = 2147483647;
			files = (
				F8FC29A71608C30100A66E76 /* main.m in Sources */,
				F8FC29AB1608C30100A66E76 /* AppDelegate.m in Sources */,
				F8FC29AE1608C30100A66E76 /* ViewController.m in Sources */,
			);
			runOnlyForDeploymentPostprocessing = 0;
		};
/* End PBXSourcesBuildPhase section */

/* Begin PBXVariantGroup section */
		F8FC29A31608C30100A66E76 /* InfoPlist.strings */ = {
			isa = PBXVariantGroup;
			children = (
				F8FC29A41608C30100A66E76 /* en */,
			);
			name = InfoPlist.strings;
			sourceTree = "<group>";
		};
		F8FC29AF1608C30100A66E76 /* ViewController.xib */ = {
			isa = PBXVariantGroup;
			children = (
				F8FC29B01608C30100A66E76 /* en */,
			);
			name = ViewController.xib;
			sourceTree = "<group>";
		};
/* End PBXVariantGroup section */

/* Begin XCBuildConfiguration section */
		F8FC29B21608C30100A66E76 /* Debug */ = {
			isa = XCBuildConfiguration;
			buildSettings = {
				ALWAYS_SEARCH_USER_PATHS = NO;
				ARCHS = "$(ARCHS_STANDARD_32_BIT)";
				CLANG_CXX_LANGUAGE_STANDARD = "gnu++0x";
				CLANG_ENABLE_OBJC_ARC = YES;
				CLANG_WARN__DUPLICATE_METHOD_MATCH = YES;
				"CODE_SIGN_IDENTITY[sdk=iphoneos*]" = "iPhone Developer";
				COPY_PHASE_STRIP = NO;
				GCC_C_LANGUAGE_STANDARD = gnu99;
				GCC_DYNAMIC_NO_PIC = NO;
				GCC_OPTIMIZATION_LEVEL = 0;
				GCC_PREPROCESSOR_DEFINITIONS = (
					"DEBUG=1",
					"$(inherited)",
				);
				GCC_SYMBOLS_PRIVATE_EXTERN = NO;
				GCC_VERSION = com.apple.compilers.llvm.clang.1_0;
				GCC_WARN_ABOUT_RETURN_TYPE = YES;
				GCC_WARN_UNINITIALIZED_AUTOS = YES;
				GCC_WARN_UNUSED_VARIABLE = YES;
				IPHONEOS_DEPLOYMENT_TARGET = 5.1;
				SDKROOT = iphoneos;
			};
			name = Debug;
		};
		F8FC29B31608C30100A66E76 /* Release */ = {
			isa = XCBuildConfiguration;
			buildSettings = {
				ALWAYS_SEARCH_USER_PATHS = NO;
				ARCHS = "$(ARCHS_STANDARD_32_BIT)";
				CLANG_CXX_LANGUAGE_STANDARD = "gnu++0x";
				CLANG_ENABLE_OBJC_ARC = YES;
				CLANG_WARN__DUPLICATE_METHOD_MATCH = YES;
				"CODE_SIGN_IDENTITY[sdk=iphoneos*]" = "iPhone Developer";
				COPY_PHASE_STRIP = YES;
				GCC_C_LANGUAGE_STANDARD = gnu99;
				GCC_VERSION = com.apple.compilers.llvm.clang.1_0;
				GCC_WARN_ABOUT_RETURN_TYPE = YES;
				GCC_WARN_UNINITIALIZED_AUTOS = YES;
				GCC_WARN_UNUSED_VARIABLE = YES;
				IPHONEOS_DEPLOYMENT_TARGET = 5.1;
				OTHER_CFLAGS = "-DNS_BLOCK_ASSERTIONS=1";
				SDKROOT = iphoneos;
				VALIDATE_PRODUCT = YES;
			};
			name = Release;
		};
		F8FC29B51608C30100A66E76 /* Debug */ = {
			isa = XCBuildConfiguration;
			buildSettings = {
				GCC_PRECOMPILE_PREFIX_HEADER = YES;
				GCC_PREFIX_HEADER = "XibIntroduction/XibIntroduction-Prefix.pch";
				INFOPLIST_FILE = "XibIntroduction/XibIntroduction-Info.plist";
				PRODUCT_NAME = "$(TARGET_NAME)";
				WRAPPER_EXTENSION = app;
			};
			name = Debug;
		};
		F8FC29B61608C30100A66E76 /* Release */ = {
			isa = XCBuildConfiguration;
			buildSettings = {
				GCC_PRECOMPILE_PREFIX_HEADER = YES;
				GCC_PREFIX_HEADER = "XibIntroduction/XibIntroduction-Prefix.pch";
				INFOPLIST_FILE = "XibIntroduction/XibIntroduction-Info.plist";
				PRODUCT_NAME = "$(TARGET_NAME)";
				WRAPPER_EXTENSION = app;
			};
			name = Release;
		};
/* End XCBuildConfiguration section */

/* Begin XCConfigurationList section */
		F8FC29901608C30100A66E76 /* Build configuration list for PBXProject "XibIntroduction" */ = {
			isa = XCConfigurationList;
			buildConfigurations = (
				F8FC29B21608C30100A66E76 /* Debug */,
				F8FC29B31608C30100A66E76 /* Release */,
			);
			defaultConfigurationIsVisible = 0;
			defaultConfigurationName = Release;
		};
		F8FC29B41608C30100A66E76 /* Build configuration list for PBXNativeTarget "XibIntroduction" */ = {
			isa = XCConfigurationList;
			buildConfigurations = (
				F8FC29B51608C30100A66E76 /* Debug */,
				F8FC29B61608C30100A66E76 /* Release */,
			);
			defaultConfigurationIsVisible = 0;
		};
/* End XCConfigurationList section */
	};
	rootObject = F8FC298D1608C30100A66E76 /* Project object */;
}
